// !$*UTF8*$!
{
	archiveVersion = 1;
	classes = {
	};
	objectVersion = 46;
	objects = {

/* Begin PBXBuildFile section */
		00AA9B461F0C8E2F0016F956 /* AppDelegate.swift in Sources */ = {isa = PBXBuildFile; fileRef = 00AA9B451F0C8E2F0016F956 /* AppDelegate.swift */; };
		00AA9B4D1F0C8E2F0016F956 /* Assets.xcassets in Resources */ = {isa = PBXBuildFile; fileRef = 00AA9B4C1F0C8E2F0016F956 /* Assets.xcassets */; };
		00AA9B5E1F0D5A8F0016F956 /* LaunchScreen.storyboard in Resources */ = {isa = PBXBuildFile; fileRef = 00AA9B591F0D5A8F0016F956 /* LaunchScreen.storyboard */; };
		00AA9B5F1F0D5A8F0016F956 /* Main.storyboard in Resources */ = {isa = PBXBuildFile; fileRef = 00AA9B5A1F0D5A8F0016F956 /* Main.storyboard */; };
		00AA9B601F0D5A8F0016F956 /* GoogleService-Info.plist in Resources */ = {isa = PBXBuildFile; fileRef = 00AA9B5B1F0D5A8F0016F956 /* GoogleService-Info.plist */; };
		00AA9B621F0D5A8F0016F956 /* ViewController.swift in Sources */ = {isa = PBXBuildFile; fileRef = 00AA9B5D1F0D5A8F0016F956 /* ViewController.swift */; };
		00AA9B671F0D5F620016F956 /* Login.storyboard in Resources */ = {isa = PBXBuildFile; fileRef = 00AA9B661F0D5F620016F956 /* Login.storyboard */; };
		00AA9B691F0D60530016F956 /* LoginViewController.swift in Sources */ = {isa = PBXBuildFile; fileRef = 00AA9B681F0D60530016F956 /* LoginViewController.swift */; };
		0497CDC8CC7BF7543EF21959 /* Pods_Makestagram.framework in Frameworks */ = {isa = PBXBuildFile; fileRef = A8DFC0391912C8121B58EEB6 /* Pods_Makestagram.framework */; };
/* End PBXBuildFile section */

/* Begin PBXFileReference section */
		00AA9B421F0C8E2F0016F956 /* Makestagram.app */ = {isa = PBXFileReference; explicitFileType = wrapper.application; includeInIndex = 0; path = Makestagram.app; sourceTree = BUILT_PRODUCTS_DIR; };
		00AA9B451F0C8E2F0016F956 /* AppDelegate.swift */ = {isa = PBXFileReference; lastKnownFileType = sourcecode.swift; path = AppDelegate.swift; sourceTree = "<group>"; };
		00AA9B4C1F0C8E2F0016F956 /* Assets.xcassets */ = {isa = PBXFileReference; lastKnownFileType = folder.assetcatalog; path = Assets.xcassets; sourceTree = "<group>"; };
		00AA9B591F0D5A8F0016F956 /* LaunchScreen.storyboard */ = {isa = PBXFileReference; fileEncoding = 4; lastKnownFileType = file.storyboard; name = LaunchScreen.storyboard; path = Storyboards/LaunchScreen.storyboard; sourceTree = "<group>"; };
		00AA9B5A1F0D5A8F0016F956 /* Main.storyboard */ = {isa = PBXFileReference; fileEncoding = 4; lastKnownFileType = file.storyboard; name = Main.storyboard; path = Storyboards/Main.storyboard; sourceTree = "<group>"; };
		00AA9B5B1F0D5A8F0016F956 /* GoogleService-Info.plist */ = {isa = PBXFileReference; fileEncoding = 4; lastKnownFileType = text.plist.xml; name = "GoogleService-Info.plist"; path = "Supporting/GoogleService-Info.plist"; sourceTree = "<group>"; };
		00AA9B5C1F0D5A8F0016F956 /* Info.plist */ = {isa = PBXFileReference; fileEncoding = 4; lastKnownFileType = text.plist.xml; name = Info.plist; path = Supporting/Info.plist; sourceTree = "<group>"; };
		00AA9B5D1F0D5A8F0016F956 /* ViewController.swift */ = {isa = PBXFileReference; fileEncoding = 4; lastKnownFileType = sourcecode.swift; name = ViewController.swift; path = Controllers/ViewController.swift; sourceTree = "<group>"; };
		00AA9B661F0D5F620016F956 /* Login.storyboard */ = {isa = PBXFileReference; fileEncoding = 4; lastKnownFileType = file.storyboard; path = Login.storyboard; sourceTree = "<group>"; };
		00AA9B681F0D60530016F956 /* LoginViewController.swift */ = {isa = PBXFileReference; fileEncoding = 4; lastKnownFileType = sourcecode.swift; path = LoginViewController.swift; sourceTree = "<group>"; };
		337E553ADA913907E810A8E7 /* Pods-Makestagram.release.xcconfig */ = {isa = PBXFileReference; includeInIndex = 1; lastKnownFileType = text.xcconfig; name = "Pods-Makestagram.release.xcconfig"; path = "Pods/Target Support Files/Pods-Makestagram/Pods-Makestagram.release.xcconfig"; sourceTree = "<group>"; };
		A8DFC0391912C8121B58EEB6 /* Pods_Makestagram.framework */ = {isa = PBXFileReference; explicitFileType = wrapper.framework; includeInIndex = 0; path = Pods_Makestagram.framework; sourceTree = BUILT_PRODUCTS_DIR; };
		C279528E0E65C5576C22630E /* Pods-Makestagram.debug.xcconfig */ = {isa = PBXFileReference; includeInIndex = 1; lastKnownFileType = text.xcconfig; name = "Pods-Makestagram.debug.xcconfig"; path = "Pods/Target Support Files/Pods-Makestagram/Pods-Makestagram.debug.xcconfig"; sourceTree = "<group>"; };
/* End PBXFileReference section */

/* Begin PBXFrameworksBuildPhase section */
		00AA9B3F1F0C8E2F0016F956 /* Frameworks */ = {
			isa = PBXFrameworksBuildPhase;
			buildActionMask = 2147483647;
			files = (
				0497CDC8CC7BF7543EF21959 /* Pods_Makestagram.framework in Frameworks */,
			);
			runOnlyForDeploymentPostprocessing = 0;
		};
/* End PBXFrameworksBuildPhase section */

/* Begin PBXGroup section */
		00AA9B391F0C8E2F0016F956 = {
			isa = PBXGroup;
			children = (
				00AA9B441F0C8E2F0016F956 /* Makestagram */,
				00AA9B431F0C8E2F0016F956 /* Products */,
				416D05214648208568BB0936 /* Pods */,
				EFB295EF88E0148CF68394A2 /* Frameworks */,
			);
			sourceTree = "<group>";
		};
		00AA9B431F0C8E2F0016F956 /* Products */ = {
			isa = PBXGroup;
			children = (
				00AA9B421F0C8E2F0016F956 /* Makestagram.app */,
			);
			name = Products;
			sourceTree = "<group>";
		};
		00AA9B441F0C8E2F0016F956 /* Makestagram */ = {
			isa = PBXGroup;
			children = (
				00AA9B451F0C8E2F0016F956 /* AppDelegate.swift */,
				00AA9B641F0D5C750016F956 /* View Controllers */,
				00AA9B651F0D5C7D0016F956 /* Storyboards */,
				00AA9B4C1F0C8E2F0016F956 /* Assets.xcassets */,
				00AA9B631F0D5C6B0016F956 /* Supporting Files */,
			);
			path = Makestagram;
			sourceTree = "<group>";
		};
		00AA9B631F0D5C6B0016F956 /* Supporting Files */ = {
			isa = PBXGroup;
			children = (
				00AA9B591F0D5A8F0016F956 /* LaunchScreen.storyboard */,
				00AA9B5B1F0D5A8F0016F956 /* GoogleService-Info.plist */,
				00AA9B5C1F0D5A8F0016F956 /* Info.plist */,
			);
			name = "Supporting Files";
			sourceTree = "<group>";
		};
		00AA9B641F0D5C750016F956 /* View Controllers */ = {
			isa = PBXGroup;
			children = (
				00AA9B5D1F0D5A8F0016F956 /* ViewController.swift */,
				00AA9B681F0D60530016F956 /* LoginViewController.swift */,
			);
			name = "View Controllers";
			sourceTree = "<group>";
		};
		00AA9B651F0D5C7D0016F956 /* Storyboards */ = {
			isa = PBXGroup;
			children = (
				00AA9B5A1F0D5A8F0016F956 /* Main.storyboard */,
				00AA9B661F0D5F620016F956 /* Login.storyboard */,
			);
			name = Storyboards;
			sourceTree = "<group>";
		};
		416D05214648208568BB0936 /* Pods */ = {
			isa = PBXGroup;
			children = (
				C279528E0E65C5576C22630E /* Pods-Makestagram.debug.xcconfig */,
				337E553ADA913907E810A8E7 /* Pods-Makestagram.release.xcconfig */,
			);
			name = Pods;
			sourceTree = "<group>";
		};
		EFB295EF88E0148CF68394A2 /* Frameworks */ = {
			isa = PBXGroup;
			children = (
				A8DFC0391912C8121B58EEB6 /* Pods_Makestagram.framework */,
			);
			name = Frameworks;
			sourceTree = "<group>";
		};
/* End PBXGroup section */

/* Begin PBXNativeTarget section */
		00AA9B411F0C8E2F0016F956 /* Makestagram */ = {
			isa = PBXNativeTarget;
			buildConfigurationList = 00AA9B541F0C8E2F0016F956 /* Build configuration list for PBXNativeTarget "Makestagram" */;
			buildPhases = (
				39E3B4F2ADA5905A61898CFF /* [CP] Check Pods Manifest.lock */,
				00AA9B3E1F0C8E2F0016F956 /* Sources */,
				00AA9B3F1F0C8E2F0016F956 /* Frameworks */,
				00AA9B401F0C8E2F0016F956 /* Resources */,
				D95F44B16D385B425EFA6663 /* [CP] Embed Pods Frameworks */,
				9B80C360A10C5518BEC35F78 /* [CP] Copy Pods Resources */,
			);
			buildRules = (
			);
			dependencies = (
			);
			name = Makestagram;
			productName = Makestagram;
			productReference = 00AA9B421F0C8E2F0016F956 /* Makestagram.app */;
			productType = "com.apple.product-type.application";
		};
/* End PBXNativeTarget section */

/* Begin PBXProject section */
		00AA9B3A1F0C8E2F0016F956 /* Project object */ = {
			isa = PBXProject;
			attributes = {
				LastSwiftUpdateCheck = 0830;
				LastUpgradeCheck = 0830;
				ORGANIZATIONNAME = "Haejin Jo";
				TargetAttributes = {
					00AA9B411F0C8E2F0016F956 = {
						CreatedOnToolsVersion = 8.3.3;
						DevelopmentTeam = 928WARTLH8;
						ProvisioningStyle = Automatic;
					};
				};
			};
			buildConfigurationList = 00AA9B3D1F0C8E2F0016F956 /* Build configuration list for PBXProject "Makestagram" */;
			compatibilityVersion = "Xcode 3.2";
			developmentRegion = English;
			hasScannedForEncodings = 0;
			knownRegions = (
				en,
				Base,
			);
			mainGroup = 00AA9B391F0C8E2F0016F956;
			productRefGroup = 00AA9B431F0C8E2F0016F956 /* Products */;
			projectDirPath = "";
			projectRoot = "";
			targets = (
				00AA9B411F0C8E2F0016F956 /* Makestagram */,
			);
		};
/* End PBXProject section */

/* Begin PBXResourcesBuildPhase section */
		00AA9B401F0C8E2F0016F956 /* Resources */ = {
			isa = PBXResourcesBuildPhase;
			buildActionMask = 2147483647;
			files = (
				00AA9B5F1F0D5A8F0016F956 /* Main.storyboard in Resources */,
				00AA9B601F0D5A8F0016F956 /* GoogleService-Info.plist in Resources */,
				00AA9B4D1F0C8E2F0016F956 /* Assets.xcassets in Resources */,
				00AA9B671F0D5F620016F956 /* Login.storyboard in Resources */,
				00AA9B5E1F0D5A8F0016F956 /* LaunchScreen.storyboard in Resources */,
			);
			runOnlyForDeploymentPostprocessing = 0;
		};
/* End PBXResourcesBuildPhase section */

/* Begin PBXShellScriptBuildPhase section */
		39E3B4F2ADA5905A61898CFF /* [CP] Check Pods Manifest.lock */ = {
			isa = PBXShellScriptBuildPhase;
			buildActionMask = 2147483647;
			files = (
			);
			inputPaths = (
			);
			name = "[CP] Check Pods Manifest.lock";
			outputPaths = (
			);
			runOnlyForDeploymentPostprocessing = 0;
			shellPath = /bin/sh;
			shellScript = "diff \"${PODS_PODFILE_DIR_PATH}/Podfile.lock\" \"${PODS_ROOT}/Manifest.lock\" > /dev/null\nif [ $? != 0 ] ; then\n    # print error to STDERR\n    echo \"error: The sandbox is not in sync with the Podfile.lock. Run 'pod install' or update your CocoaPods installation.\" >&2\n    exit 1\nfi\n";
			showEnvVarsInLog = 0;
		};
		9B80C360A10C5518BEC35F78 /* [CP] Copy Pods Resources */ = {
			isa = PBXShellScriptBuildPhase;
			buildActionMask = 2147483647;
			files = (
			);
			inputPaths = (
			);
			name = "[CP] Copy Pods Resources";
			outputPaths = (
			);
			runOnlyForDeploymentPostprocessing = 0;
			shellPath = /bin/sh;
			shellScript = "\"${SRCROOT}/Pods/Target Support Files/Pods-Makestagram/Pods-Makestagram-resources.sh\"\n";
			showEnvVarsInLog = 0;
		};
		D95F44B16D385B425EFA6663 /* [CP] Embed Pods Frameworks */ = {
			isa = PBXShellScriptBuildPhase;
			buildActionMask = 2147483647;
			files = (
			);
			inputPaths = (
			);
			name = "[CP] Embed Pods Frameworks";
			outputPaths = (
			);
			runOnlyForDeploymentPostprocessing = 0;
			shellPath = /bin/sh;
			shellScript = "\"${SRCROOT}/Pods/Target Support Files/Pods-Makestagram/Pods-Makestagram-frameworks.sh\"\n";
			showEnvVarsInLog = 0;
		};
/* End PBXShellScriptBuildPhase section */

/* Begin PBXSourcesBuildPhase section */
		00AA9B3E1F0C8E2F0016F956 /* Sources */ = {
			isa = PBXSourcesBuildPhase;
			buildActionMask = 2147483647;
			files = (
				00AA9B691F0D60530016F956 /* LoginViewController.swift in Sources */,
				00AA9B621F0D5A8F0016F956 /* ViewController.swift in Sources */,
				00AA9B461F0C8E2F0016F956 /* AppDelegate.swift in Sources */,
			);
			runOnlyForDeploymentPostprocessing = 0;
		};
/* End PBXSourcesBuildPhase section */

/* Begin XCBuildConfiguration section */
		00AA9B521F0C8E2F0016F956 /* Debug */ = {
			isa = XCBuildConfiguration;
			buildSettings = {
				ALWAYS_SEARCH_USER_PATHS = NO;
				CLANG_ANALYZER_NONNULL = YES;
				CLANG_ANALYZER_NUMBER_OBJECT_CONVERSION = YES_AGGRESSIVE;
				CLANG_CXX_LANGUAGE_STANDARD = "gnu++0x";
				CLANG_CXX_LIBRARY = "libc++";
				CLANG_ENABLE_MODULES = YES;
				CLANG_ENABLE_OBJC_ARC = YES;
				CLANG_WARN_BOOL_CONVERSION = YES;
				CLANG_WARN_CONSTANT_CONVERSION = YES;
				CLANG_WARN_DIRECT_OBJC_ISA_USAGE = YES_ERROR;
				CLANG_WARN_DOCUMENTATION_COMMENTS = YES;
				CLANG_WARN_EMPTY_BODY = YES;
				CLANG_WARN_ENUM_CONVERSION = YES;
				CLANG_WARN_INFINITE_RECURSION = YES;
				CLANG_WARN_INT_CONVERSION = YES;
				CLANG_WARN_OBJC_ROOT_CLASS = YES_ERROR;
				CLANG_WARN_SUSPICIOUS_MOVE = YES;
				CLANG_WARN_UNREACHABLE_CODE = YES;
				CLANG_WARN__DUPLICATE_METHOD_MATCH = YES;
				"CODE_SIGN_IDENTITY[sdk=iphoneos*]" = "iPhone Developer";
				COPY_PHASE_STRIP = NO;
				DEBUG_INFORMATION_FORMAT = dwarf;
				ENABLE_STRICT_OBJC_MSGSEND = YES;
				ENABLE_TESTABILITY = YES;
				GCC_C_LANGUAGE_STANDARD = gnu99;
				GCC_DYNAMIC_NO_PIC = NO;
				GCC_NO_COMMON_BLOCKS = YES;
				GCC_OPTIMIZATION_LEVEL = 0;
				GCC_PREPROCESSOR_DEFINITIONS = (
					"DEBUG=1",
					"$(inherited)",
				);
				GCC_WARN_64_TO_32_BIT_CONVERSION = YES;
				GCC_WARN_ABOUT_RETURN_TYPE = YES_ERROR;
				GCC_WARN_UNDECLARED_SELECTOR = YES;
				GCC_WARN_UNINITIALIZED_AUTOS = YES_AGGRESSIVE;
				GCC_WARN_UNUSED_FUNCTION = YES;
				GCC_WARN_UNUSED_VARIABLE = YES;
				IPHONEOS_DEPLOYMENT_TARGET = 10.3;
				MTL_ENABLE_DEBUG_INFO = YES;
				ONLY_ACTIVE_ARCH = YES;
				SDKROOT = iphoneos;
				SWIFT_ACTIVE_COMPILATION_CONDITIONS = DEBUG;
				SWIFT_OPTIMIZATION_LEVEL = "-Onone";
			};
			name = Debug;
		};
		00AA9B531F0C8E2F0016F956 /* Release */ = {
			isa = XCBuildConfiguration;
			buildSettings = {
				ALWAYS_SEARCH_USER_PATHS = NO;
				CLANG_ANALYZER_NONNULL = YES;
				CLANG_ANALYZER_NUMBER_OBJECT_CONVERSION = YES_AGGRESSIVE;
				CLANG_CXX_LANGUAGE_STANDARD = "gnu++0x";
				CLANG_CXX_LIBRARY = "libc++";
				CLANG_ENABLE_MODULES = YES;
				CLANG_ENABLE_OBJC_ARC = YES;
				CLANG_WARN_BOOL_CONVERSION = YES;
				CLANG_WARN_CONSTANT_CONVERSION = YES;
				CLANG_WARN_DIRECT_OBJC_ISA_USAGE = YES_ERROR;
				CLANG_WARN_DOCUMENTATION_COMMENTS = YES;
				CLANG_WARN_EMPTY_BODY = YES;
				CLANG_WARN_ENUM_CONVERSION = YES;
				CLANG_WARN_INFINITE_RECURSION = YES;
				CLANG_WARN_INT_CONVERSION = YES;
				CLANG_WARN_OBJC_ROOT_CLASS = YES_ERROR;
				CLANG_WARN_SUSPICIOUS_MOVE = YES;
				CLANG_WARN_UNREACHABLE_CODE = YES;
				CLANG_WARN__DUPLICATE_METHOD_MATCH = YES;
				"CODE_SIGN_IDENTITY[sdk=iphoneos*]" = "iPhone Developer";
				COPY_PHASE_STRIP = NO;
				DEBUG_INFORMATION_FORMAT = "dwarf-with-dsym";
				ENABLE_NS_ASSERTIONS = NO;
				ENABLE_STRICT_OBJC_MSGSEND = YES;
				GCC_C_LANGUAGE_STANDARD = gnu99;
				GCC_NO_COMMON_BLOCKS = YES;
				GCC_WARN_64_TO_32_BIT_CONVERSION = YES;
				GCC_WARN_ABOUT_RETURN_TYPE = YES_ERROR;
				GCC_WARN_UNDECLARED_SELECTOR = YES;
				GCC_WARN_UNINITIALIZED_AUTOS = YES_AGGRESSIVE;
				GCC_WARN_UNUSED_FUNCTION = YES;
				GCC_WARN_UNUSED_VARIABLE = YES;
				IPHONEOS_DEPLOYMENT_TARGET = 10.3;
				MTL_ENABLE_DEBUG_INFO = NO;
				SDKROOT = iphoneos;
				SWIFT_OPTIMIZATION_LEVEL = "-Owholemodule";
				VALIDATE_PRODUCT = YES;
			};
			name = Release;
		};
		00AA9B551F0C8E2F0016F956 /* Debug */ = {
			isa = XCBuildConfiguration;
			baseConfigurationReference = C279528E0E65C5576C22630E /* Pods-Makestagram.debug.xcconfig */;
			buildSettings = {
				ASSETCATALOG_COMPILER_APPICON_NAME = AppIcon;
				DEVELOPMENT_TEAM = 928WARTLH8;
				INFOPLIST_FILE = "$(SRCROOT)/Makestagram/Supporting/Info.plist";
				LD_RUNPATH_SEARCH_PATHS = "$(inherited) @executable_path/Frameworks";
				PRODUCT_BUNDLE_IDENTIFIER = com.haejinjo.Makestagram;
				PRODUCT_NAME = "$(TARGET_NAME)";
				SWIFT_VERSION = 3.0;
			};
			name = Debug;
		};
		00AA9B561F0C8E2F0016F956 /* Release */ = {
			isa = XCBuildConfiguration;
			baseConfigurationReference = 337E553ADA913907E810A8E7 /* Pods-Makestagram.release.xcconfig */;
			buildSettings = {
				ASSETCATALOG_COMPILER_APPICON_NAME = AppIcon;
				DEVELOPMENT_TEAM = 928WARTLH8;
				INFOPLIST_FILE = "$(SRCROOT)/Makestagram/Supporting/Info.plist";
				LD_RUNPATH_SEARCH_PATHS = "$(inherited) @executable_path/Frameworks";
				PRODUCT_BUNDLE_IDENTIFIER = com.haejinjo.Makestagram;
				PRODUCT_NAME = "$(TARGET_NAME)";
				SWIFT_VERSION = 3.0;
			};
			name = Release;
		};
/* End XCBuildConfiguration section */

/* Begin XCConfigurationList section */
		00AA9B3D1F0C8E2F0016F956 /* Build configuration list for PBXProject "Makestagram" */ = {
			isa = XCConfigurationList;
			buildConfigurations = (
				00AA9B521F0C8E2F0016F956 /* Debug */,
				00AA9B531F0C8E2F0016F956 /* Release */,
			);
			defaultConfigurationIsVisible = 0;
			defaultConfigurationName = Release;
		};
		00AA9B541F0C8E2F0016F956 /* Build configuration list for PBXNativeTarget "Makestagram" */ = {
			isa = XCConfigurationList;
			buildConfigurations = (
				00AA9B551F0C8E2F0016F956 /* Debug */,
				00AA9B561F0C8E2F0016F956 /* Release */,
			);
			defaultConfigurationIsVisible = 0;
			defaultConfigurationName = Release;
		};
/* End XCConfigurationList section */
	};
	rootObject = 00AA9B3A1F0C8E2F0016F956 /* Project object */;
}
